
Microsoft Visual Studio Solution File, Format Version 12.00
Project("{FAE04EC0-301F-11D3-BF4B-00C04F79EFBC}") = "Bibently.Application.Api", "src\Bibently.Application.Api\Bibently.Application.Api.csproj", "{A07150F6-D5BA-40C1-8B5A-E2DA9CC1D8A3}"
EndProject
Project("{FAE04EC0-301F-11D3-BF4B-00C04F79EFBC}") = "Bibently.Application.Abstractions", "src\Bibently.Application.Abstractions\Bibently.Application.Abstractions.csproj", "{D83C6ACA-ED7B-4C39-92AA-2696D0E6A464}"
EndProject
Project("{FAE04EC0-301F-11D3-BF4B-00C04F79EFBC}") = "Bibently.Application.Repository", "src\Bibently.Application.Repository\Bibently.Application.Repository.csproj", "{AC5CAB9D-BFA6-408D-8F04-D7319031256A}"
EndProject
Project("{2150E333-8FDC-42A3-9474-1A3956D46DE8}") = "src", "src", "{9FC9F9EE-A37A-4067-8E6D-880EF514B658}"
EndProject
Project("{2150E333-8FDC-42A3-9474-1A3956D46DE8}") = "test", "test", "{0418F37A-03AF-474B-AB97-C69DF7F79F4D}"
EndProject
Project("{FAE04EC0-301F-11D3-BF4B-00C04F79EFBC}") = "Bibently.Application.Api.Tests", "test\Bibently.Application.Api.Tests\Bibently.Application.Api.Tests.csproj", "{99A0237A-499D-4908-9280-72400E351ECD}"
EndProject
Project("{FAE04EC0-301F-11D3-BF4B-00C04F79EFBC}") = "Bibently.Application.Integration.Tests", "test\Bibently.Application.Integration.Tests\Bibently.Application.Integration.Tests.csproj", "{C176644F-4014-4314-A08A-557E26840116}"
EndProject
Project("{2150E333-8FDC-42A3-9474-1A3956D46DE8}") = "tools", "tools", "{B5E3D8F4-9A1C-4D5E-8F2B-7C6A9E0D3F1B}"
EndProject
Project("{FAE04EC0-301F-11D3-BF4B-00C04F79EFBC}") = "Bibently.SeedData", "tools\Bibently.SeedData\Bibently.SeedData.csproj", "{E7F8C9D2-1A3B-4E5F-9C8D-0B2A3E4F5D6C}"
EndProject
Global
	GlobalSection(SolutionConfigurationPlatforms) = preSolution
		Debug|Any CPU = Debug|Any CPU
		Release|Any CPU = Release|Any CPU
	EndGlobalSection
	GlobalSection(ProjectConfigurationPlatforms) = postSolution
		{A07150F6-D5BA-40C1-8B5A-E2DA9CC1D8A3}.Debug|Any CPU.ActiveCfg = Debug|Any CPU
		{A07150F6-D5BA-40C1-8B5A-E2DA9CC1D8A3}.Debug|Any CPU.Build.0 = Debug|Any CPU
		{A07150F6-D5BA-40C1-8B5A-E2DA9CC1D8A3}.Release|Any CPU.ActiveCfg = Release|Any CPU
		{A07150F6-D5BA-40C1-8B5A-E2DA9CC1D8A3}.Release|Any CPU.Build.0 = Release|Any CPU
		{D83C6ACA-ED7B-4C39-92AA-2696D0E6A464}.Debug|Any CPU.ActiveCfg = Debug|Any CPU
		{D83C6ACA-ED7B-4C39-92AA-2696D0E6A464}.Debug|Any CPU.Build.0 = Debug|Any CPU
		{D83C6ACA-ED7B-4C39-92AA-2696D0E6A464}.Release|Any CPU.ActiveCfg = Release|Any CPU
		{D83C6ACA-ED7B-4C39-92AA-2696D0E6A464}.Release|Any CPU.Build.0 = Release|Any CPU
		{AC5CAB9D-BFA6-408D-8F04-D7319031256A}.Debug|Any CPU.ActiveCfg = Debug|Any CPU
		{AC5CAB9D-BFA6-408D-8F04-D7319031256A}.Debug|Any CPU.Build.0 = Debug|Any CPU
		{AC5CAB9D-BFA6-408D-8F04-D7319031256A}.Release|Any CPU.ActiveCfg = Release|Any CPU
		{AC5CAB9D-BFA6-408D-8F04-D7319031256A}.Release|Any CPU.Build.0 = Release|Any CPU
		{99A0237A-499D-4908-9280-72400E351ECD}.Debug|Any CPU.ActiveCfg = Debug|Any CPU
		{99A0237A-499D-4908-9280-72400E351ECD}.Debug|Any CPU.Build.0 = Debug|Any CPU
		{99A0237A-499D-4908-9280-72400E351ECD}.Release|Any CPU.ActiveCfg = Release|Any CPU
		{99A0237A-499D-4908-9280-72400E351ECD}.Release|Any CPU.Build.0 = Release|Any CPU
		{C176644F-4014-4314-A08A-557E26840116}.Debug|Any CPU.ActiveCfg = Debug|Any CPU
		{C176644F-4014-4314-A08A-557E26840116}.Debug|Any CPU.Build.0 = Debug|Any CPU
		{C176644F-4014-4314-A08A-557E26840116}.Release|Any CPU.ActiveCfg = Release|Any CPU
		{C176644F-4014-4314-A08A-557E26840116}.Release|Any CPU.Build.0 = Release|Any CPU
		{E7F8C9D2-1A3B-4E5F-9C8D-0B2A3E4F5D6C}.Debug|Any CPU.ActiveCfg = Debug|Any CPU
		{E7F8C9D2-1A3B-4E5F-9C8D-0B2A3E4F5D6C}.Debug|Any CPU.Build.0 = Debug|Any CPU
		{E7F8C9D2-1A3B-4E5F-9C8D-0B2A3E4F5D6C}.Release|Any CPU.ActiveCfg = Release|Any CPU
		{E7F8C9D2-1A3B-4E5F-9C8D-0B2A3E4F5D6C}.Release|Any CPU.Build.0 = Release|Any CPU
	EndGlobalSection
	GlobalSection(NestedProjects) = preSolution
		{D83C6ACA-ED7B-4C39-92AA-2696D0E6A464} = {9FC9F9EE-A37A-4067-8E6D-880EF514B658}
		{A07150F6-D5BA-40C1-8B5A-E2DA9CC1D8A3} = {9FC9F9EE-A37A-4067-8E6D-880EF514B658}
		{AC5CAB9D-BFA6-408D-8F04-D7319031256A} = {9FC9F9EE-A37A-4067-8E6D-880EF514B658}
		{99A0237A-499D-4908-9280-72400E351ECD} = {0418F37A-03AF-474B-AB97-C69DF7F79F4D}
		{C176644F-4014-4314-A08A-557E26840116} = {0418F37A-03AF-474B-AB97-C69DF7F79F4D}
		{E7F8C9D2-1A3B-4E5F-9C8D-0B2A3E4F5D6C} = {B5E3D8F4-9A1C-4D5E-8F2B-7C6A9E0D3F1B}
	EndGlobalSection
EndGlobal
